{
  "nodes": {
    "agent-skill-flake": {
      "inputs": {
        "devshell": "devshell",
        "flake-parts": "flake-parts",
        "nixpkgs": [
          "nixpkgs"
        ],
        "systems": "systems",
        "treefmt-nix": "treefmt-nix"
      },
      "locked": {
        "lastModified": 1780752077,
        "narHash": "sha256-wKnS8wuZal3XKQgePTC13O1u6v+34CQPcQQh6DMlsEc=",
        "owner": "nhooey",
        "repo": "agent-skill-flake",
        "rev": "ff9816f6d4dc8c8d236ff21b75baec822dc9d4ae",
        "type": "github"
      },
      "original": {
        "owner": "nhooey",
        "repo": "agent-skill-flake",
        "type": "github"
      }
    },
    "anthropics-skills-src": {
      "flake": false,
      "locked": {
        "lastModified": 1780020146,
        "narHash": "sha256-BiZvEV7VK1AwhiGg+pNMgTUQmt4exevLWwL0Brx4YyE=",
        "owner": "anthropics",
        "repo": "skills",
        "rev": "da20c92503b2e8ff1cf28ca81a0df4673debdbf7",
        "type": "github"
      },
      "original": {
        "owner": "anthropics",
        "repo": "skills",
        "type": "github"
      }
    },
    "caveman-src": {
      "flake": false,
      "locked": {
        "lastModified": 1779273824,
        "narHash": "sha256-BydREt/vai3j7kO5+e1OxsjXf6Vy+jSY1yA/yyxjHbI=",
        "owner": "JuliusBrussee",
        "repo": "caveman",
        "rev": "655b7d9c5431f822264b7732e9901c5578ac84cf",
        "type": "github"
      },
      "original": {
        "owner": "JuliusBrussee",
        "repo": "caveman",
        "type": "github"
      }
    },
    "coding-agent-skills": {
      "inputs": {
        "agent-skill-flake": [
          "agent-skill-flake"
        ],
        "flake-parts": [
          "flake-parts"
        ],
        "nixpkgs": [
          "nixpkgs"
        ],
        "systems": [
          "systems"
        ],
        "treefmt-nix": [
          "treefmt-nix"
        ]
      },
      "locked": {
        "lastModified": 1780747993,
        "narHash": "sha256-oCIcPO3mVfeWd3ZLar1kC8LSTjyrtI+kdnEYIWqwvMI=",
        "owner": "nhooey",
        "repo": "coding-agent-skills",
        "rev": "adb37c579c302aefc633988e6b814df57242d94f",
        "type": "github"
      },
      "original": {
        "owner": "nhooey",
        "repo": "coding-agent-skills",
        "type": "github"
      }
    },
    "daymade-skills-src": {
      "flake": false,
      "locked": {
        "lastModified": 1780590738,
        "narHash": "sha256-GjA9H2Eu4bxd6u6zHy/e7V8J8DSkA0D+3zrD9ORz6Yg=",
        "owner": "daymade",
        "repo": "claude-code-skills",
        "rev": "96b14eb2cea2ea4f6a15e3e8182c89879e0137fc",
        "type": "github"
      },
      "original": {
        "owner": "daymade",
        "repo": "claude-code-skills",
        "type": "github"
      }
    },
    "devshell": {
      "inputs": {
        "nixpkgs": [
          "agent-skill-flake",
          "nixpkgs"
        ]
      },
      "locked": {
        "lastModified": 1768818222,
        "narHash": "sha256-460jc0+CZfyaO8+w8JNtlClB2n4ui1RbHfPTLkpwhU8=",
        "owner": "numtide",
        "repo": "devshell",
        "rev": "255a2b1725a20d060f566e4755dbf571bbbb5f76",
        "type": "github"
      },
      "original": {
        "owner": "numtide",
        "repo": "devshell",
        "type": "github"
      }
    },
    "devshell_2": {
      "inputs": {
        "nixpkgs": [
          "nixpkgs"
        ]
      },
      "locked": {
        "lastModified": 1768818222,
        "narHash": "sha256-460jc0+CZfyaO8+w8JNtlClB2n4ui1RbHfPTLkpwhU8=",
        "owner": "numtide",
        "repo": "devshell",
        "rev": "255a2b1725a20d060f566e4755dbf571bbbb5f76",
        "type": "github"
      },
      "original": {
        "owner": "numtide",
        "repo": "devshell",
        "type": "github"
      }
    },
    "flake-parts": {
      "inputs": {
        "nixpkgs-lib": [
          "agent-skill-flake",
          "nixpkgs"
        ]
      },
      "locked": {
        "lastModified": 1778716662,
        "narHash": "sha256-m1Yf0wZ8j1OHjTc2UwHwyQRSnNeSgLJOd7q5Y45hzi4=",
        "owner": "hercules-ci",
        "repo": "flake-parts",
        "rev": "f7c1a2d347e4c52d5fb8d10cb4d94b5884e546fb",
        "type": "github"
      },
      "original": {
        "owner": "hercules-ci",
        "repo": "flake-parts",
        "type": "github"
      }
    },
    "flake-parts_2": {
      "inputs": {
        "nixpkgs-lib": [
          "nixpkgs"
        ]
      },
      "locked": {
        "lastModified": 1778716662,
        "narHash": "sha256-m1Yf0wZ8j1OHjTc2UwHwyQRSnNeSgLJOd7q5Y45hzi4=",
        "owner": "hercules-ci",
        "repo": "flake-parts",
        "rev": "f7c1a2d347e4c52d5fb8d10cb4d94b5884e546fb",
        "type": "github"
      },
      "original": {
        "owner": "hercules-ci",
        "repo": "flake-parts",
        "type": "github"
      }
    },
    "git-skills": {
      "inputs": {
        "agent-skill-flake": [
          "agent-skill-flake"
        ],
        "devshell": [
          "devshell"
        ],
        "flake-parts": [
          "flake-parts"
        ],
        "nixpkgs": [
          "nixpkgs"
        ],
        "systems": [
          "systems"
        ],
        "treefmt-nix": [
          "treefmt-nix"
        ]
      },
      "locked": {
        "lastModified": 1780702148,
        "narHash": "sha256-NUMEns+lh1jIlKmhUabXDbVOpGlePxB39aXCicNspg4=",
        "owner": "nhooey",
        "repo": "git-skills",
        "rev": "edf97cec894c8284ab02e624d3be4d50ffd5fea3",
        "type": "github"
      },
      "original": {
        "owner": "nhooey",
        "repo": "git-skills",
        "type": "github"
      }
    },
    "humanizer-src": {
      "flake": false,
      "locked": {
        "lastModified": 1779850524,
        "narHash": "sha256-Cnqkti8Socpvs1bW+Fp0Ld+kePjaJyDhTwFe+aklWwg=",
        "owner": "blader",
        "repo": "humanizer",
        "rev": "a2ace14a88a6746f64f1f53ed8272d6788828038",
        "type": "github"
      },
      "original": {
        "owner": "blader",
        "repo": "humanizer",
        "type": "github"
      }
    },
    "nix-gstack": {
      "inputs": {
        "agent-skill-flake": [
          "agent-skill-flake"
        ],
        "flake-parts": [
          "flake-parts"
        ],
        "nixpkgs": [
          "nixpkgs"
        ],
        "systems": [
          "systems"
        ],
        "treefmt-nix": [
          "treefmt-nix"
        ]
      },
      "locked": {
        "lastModified": 1780748965,
        "narHash": "sha256-o4c+yJyASHUpHl1zWgYy9r4n0cXNMD9N3rIwnjN+Oxs=",
        "owner": "nhooey",
        "repo": "nix-gstack",
        "rev": "9948b10b1dbb9ac222becbd2b3f89ece8065c2fd",
        "type": "github"
      },
      "original": {
        "owner": "nhooey",
        "repo": "nix-gstack",
        "type": "github"
      }
    },
    "nix-microsoft-skills": {
      "inputs": {
        "agent-skill-flake": [
          "agent-skill-flake"
        ],
        "flake-parts": [
          "flake-parts"
        ],
        "nixpkgs": [
          "nixpkgs"
        ],
        "systems": [
          "systems"
        ],
        "treefmt-nix": [
          "treefmt-nix"
        ]
      },
      "locked": {
        "lastModified": 1780748974,
        "narHash": "sha256-fYI8X8xNoGMrsD/N7ci7RnZXt/2ZgYUQ5MfxbAf9NJk=",
        "owner": "nhooey",
        "repo": "nix-microsoft-skills",
        "rev": "e6eae6a1c520c208d28250fb46fbe3cf05c25d0b",
        "type": "github"
      },
      "original": {
        "owner": "nhooey",
        "repo": "nix-microsoft-skills",
        "type": "github"
      }
    },
    "nix-skills": {
      "inputs": {
        "agent-skill-flake": [
          "agent-skill-flake"
        ],
        "flake-parts": [
          "flake-parts"
        ],
        "nixpkgs": [
          "nixpkgs"
        ],
        "systems": [
          "systems"
        ],
        "treefmt-nix": [
          "treefmt-nix"
        ]
      },
      "locked": {
        "lastModified": 1780748020,
        "narHash": "sha256-ayLQHqawpTacySjtVQC5VVaLxgWxvKv+hJx1lgnfyHA=",
        "owner": "nhooey",
        "repo": "nix-skills",
        "rev": "317af6cf7fdf9ff91a8e10ffefcd32305943200e",
        "type": "github"
      },
      "original": {
        "owner": "nhooey",
        "repo": "nix-skills",
        "type": "github"
      }
    },
    "nixpkgs": {
      "locked": {
        "lastModified": 1780243769,
        "narHash": "sha256-x5UQuRsH3MqI0U9afaXSNqzTPSeZlRLvFAav2Ux1pNw=",
        "owner": "NixOS",
        "repo": "nixpkgs",
        "rev": "331800de5053fcebacf6813adb5db9c9dca22a0c",
        "type": "github"
      },
      "original": {
        "owner": "NixOS",
        "ref": "nixos-unstable",
        "repo": "nixpkgs",
        "type": "github"
      }
    },
    "root": {
      "inputs": {
        "agent-skill-flake": "agent-skill-flake",
        "anthropics-skills-src": "anthropics-skills-src",
        "caveman-src": "caveman-src",
        "coding-agent-skills": "coding-agent-skills",
        "daymade-skills-src": "daymade-skills-src",
        "devshell": "devshell_2",
        "flake-parts": "flake-parts_2",
        "git-skills": "git-skills",
        "humanizer-src": "humanizer-src",
        "nix-gstack": "nix-gstack",
        "nix-microsoft-skills": "nix-microsoft-skills",
        "nix-skills": "nix-skills",
        "nixpkgs": "nixpkgs",
        "superpowers-src": "superpowers-src",
        "systems": "systems_2",
        "trailofbits-skills-src": "trailofbits-skills-src",
        "treefmt-nix": "treefmt-nix_2"
      }
    },
    "superpowers-src": {
      "flake": false,
      "locked": {
        "lastModified": 1780085125,
        "narHash": "sha256-P/FD8HTQO+QzvMe3A/B2v2vjs8T6ZmIYH3MPp79dSzo=",
        "owner": "obra",
        "repo": "superpowers",
        "rev": "6fd4507659784c351abbd2bc264c7162cfd386dc",
        "type": "github"
      },
      "original": {
        "owner": "obra",
        "repo": "superpowers",
        "type": "github"
      }
    },
    "systems": {
      "locked": {
        "lastModified": 1681028828,
        "narHash": "sha256-Vy1rq5AaRuLzOxct8nz4T6wlgyUR7zLU309k9mBC768=",
        "owner": "nix-systems",
        "repo": "default",
        "rev": "da67096a3b9bf56a91d16901293e51ba5b49a27e",
        "type": "github"
      },
      "original": {
        "owner": "nix-systems",
        "repo": "default",
        "type": "github"
      }
    },
    "systems_2": {
      "locked": {
        "lastModified": 1681028828,
        "narHash": "sha256-Vy1rq5AaRuLzOxct8nz4T6wlgyUR7zLU309k9mBC768=",
        "owner": "nix-systems",
        "repo": "default",
        "rev": "da67096a3b9bf56a91d16901293e51ba5b49a27e",
        "type": "github"
      },
      "original": {
        "owner": "nix-systems",
        "repo": "default",
        "type": "github"
      }
    },
    "trailofbits-skills-src": {
      "flake": false,
      "locked": {
        "lastModified": 1780676921,
        "narHash": "sha256-VCIy7AaKLHD4paZUDpuAKkchRbGyaw3KY/khS55ypw0=",
        "owner": "trailofbits",
        "repo": "skills",
        "rev": "d5fe2e6a7896236c3102fd5477e833623ad70298",
        "type": "github"
      },
      "original": {
        "owner": "trailofbits",
        "repo": "skills",
        "type": "github"
      }
    },
    "treefmt-nix": {
      "inputs": {
        "nixpkgs": [
          "agent-skill-flake",
          "nixpkgs"
        ]
      },
      "locked": {
        "lastModified": 1780220602,
        "narHash": "sha256-eynAfOmbmxJnkp7YewvCEbShNnnYJ9gLLqkzsYtBPeM=",
        "owner": "numtide",
        "repo": "treefmt-nix",
        "rev": "db947814a175b7ca6ded66e21383d938df01c227",
        "type": "github"
      },
      "original": {
        "owner": "numtide",
        "repo": "treefmt-nix",
        "type": "github"
      }
    },
    "treefmt-nix_2": {
      "inputs": {
        "nixpkgs": [
          "nixpkgs"
        ]
      },
      "locked": {
        "lastModified": 1780220602,
        "narHash": "sha256-eynAfOmbmxJnkp7YewvCEbShNnnYJ9gLLqkzsYtBPeM=",
        "owner": "numtide",
        "repo": "treefmt-nix",
        "rev": "db947814a175b7ca6ded66e21383d938df01c227",
        "type": "github"
      },
      "original": {
        "owner": "numtide",
        "repo": "treefmt-nix",
        "type": "github"
      }
    }
  },
  "root": "root",
  "version": 7
}
