{
  "nodes": {
    "agent-skill-flake": {
      "inputs": {
        "devshell": "devshell",
        "flake-parts": "flake-parts",
        "nixpkgs": [
          "nixpkgs"
        ],
        "systems": "systems",
        "treefmt-nix": "treefmt-nix"
      },
      "locked": {
        "lastModified": 1780696327,
        "narHash": "sha256-41aUE2NzTJvZ1OSAu3g1z0V+2l2lAB24MegJ5AACt9s=",
        "owner": "nhooey",
        "repo": "agent-skill-flake",
        "rev": "271fb64920156edae2e0c3bb70f98f4464ed58a1",
        "type": "github"
      },
      "original": {
        "owner": "nhooey",
        "repo": "agent-skill-flake",
        "type": "github"
      }
    },
    "anthropics-skills-src": {
      "flake": false,
      "locked": {
        "lastModified": 1779199866,
        "narHash": "sha256-GMXFJSePrpEvhzMQ82YI9Z10BDkuFK/lXUDELclvQ4c=",
        "owner": "anthropics",
        "repo": "skills",
        "rev": "690f15cac7f7b4c055c5ab109c79ed9259934081",
        "type": "github"
      },
      "original": {
        "owner": "anthropics",
        "repo": "skills",
        "type": "github"
      }
    },
    "coding-agent-skills": {
      "inputs": {
        "agent-skill-flake": [
          "agent-skill-flake"
        ],
        "devshell": [
          "devshell"
        ],
        "flake-parts": [
          "flake-parts"
        ],
        "nixpkgs": [
          "nixpkgs"
        ],
        "systems": [
          "systems"
        ],
        "treefmt-nix": [
          "treefmt-nix"
        ]
      },
      "locked": {
        "lastModified": 1780698908,
        "narHash": "sha256-dU/SkK7SuwzwnPM6GUVnBwl6alOce+eBYRclZb48PJw=",
        "owner": "nhooey",
        "repo": "coding-agent-skills",
        "rev": "1479d2dd146f180163b0c3eb052acdfef9598699",
        "type": "github"
      },
      "original": {
        "owner": "nhooey",
        "repo": "coding-agent-skills",
        "type": "github"
      }
    },
    "daymade-skills-src": {
      "flake": false,
      "locked": {
        "lastModified": 1780231637,
        "narHash": "sha256-aK4v1uJnYPh/QU4dSyku7nVNkWWwpQJ6q7cWhuzyq8M=",
        "owner": "daymade",
        "repo": "claude-code-skills",
        "rev": "c09bac375fcd116469a218ecdea50a43a97657a9",
        "type": "github"
      },
      "original": {
        "owner": "daymade",
        "repo": "claude-code-skills",
        "type": "github"
      }
    },
    "devshell": {
      "inputs": {
        "nixpkgs": [
          "agent-skill-flake",
          "nixpkgs"
        ]
      },
      "locked": {
        "lastModified": 1768818222,
        "narHash": "sha256-460jc0+CZfyaO8+w8JNtlClB2n4ui1RbHfPTLkpwhU8=",
        "owner": "numtide",
        "repo": "devshell",
        "rev": "255a2b1725a20d060f566e4755dbf571bbbb5f76",
        "type": "github"
      },
      "original": {
        "owner": "numtide",
        "repo": "devshell",
        "type": "github"
      }
    },
    "devshell_2": {
      "inputs": {
        "nixpkgs": [
          "nixpkgs"
        ]
      },
      "locked": {
        "lastModified": 1768818222,
        "narHash": "sha256-460jc0+CZfyaO8+w8JNtlClB2n4ui1RbHfPTLkpwhU8=",
        "owner": "numtide",
        "repo": "devshell",
        "rev": "255a2b1725a20d060f566e4755dbf571bbbb5f76",
        "type": "github"
      },
      "original": {
        "owner": "numtide",
        "repo": "devshell",
        "type": "github"
      }
    },
    "flake-parts": {
      "inputs": {
        "nixpkgs-lib": [
          "agent-skill-flake",
          "nixpkgs"
        ]
      },
      "locked": {
        "lastModified": 1778716662,
        "narHash": "sha256-m1Yf0wZ8j1OHjTc2UwHwyQRSnNeSgLJOd7q5Y45hzi4=",
        "owner": "hercules-ci",
        "repo": "flake-parts",
        "rev": "f7c1a2d347e4c52d5fb8d10cb4d94b5884e546fb",
        "type": "github"
      },
      "original": {
        "owner": "hercules-ci",
        "repo": "flake-parts",
        "type": "github"
      }
    },
    "flake-parts_2": {
      "inputs": {
        "nixpkgs-lib": [
          "nixpkgs"
        ]
      },
      "locked": {
        "lastModified": 1778716662,
        "narHash": "sha256-m1Yf0wZ8j1OHjTc2UwHwyQRSnNeSgLJOd7q5Y45hzi4=",
        "owner": "hercules-ci",
        "repo": "flake-parts",
        "rev": "f7c1a2d347e4c52d5fb8d10cb4d94b5884e546fb",
        "type": "github"
      },
      "original": {
        "owner": "hercules-ci",
        "repo": "flake-parts",
        "type": "github"
      }
    },
    "git-skills": {
      "inputs": {
        "agent-skill-flake": [
          "agent-skill-flake"
        ],
        "devshell": [
          "devshell"
        ],
        "flake-parts": [
          "flake-parts"
        ],
        "nixpkgs": [
          "nixpkgs"
        ],
        "systems": [
          "systems"
        ],
        "treefmt-nix": [
          "treefmt-nix"
        ]
      },
      "locked": {
        "lastModified": 1780697167,
        "narHash": "sha256-aXkuHqAeGEnL1RVuo8WOJfsGNQIoogU0nFzHZts9vQI=",
        "owner": "nhooey",
        "repo": "git-skills",
        "rev": "1ea1fd28b25ac560a8e74d7fcddb76b322069eb9",
        "type": "github"
      },
      "original": {
        "owner": "nhooey",
        "repo": "git-skills",
        "type": "github"
      }
    },
    "humanizer-src": {
      "flake": false,
      "locked": {
        "lastModified": 1775020197,
        "narHash": "sha256-3yO13MKUK/zF36Sq+CACMM401BhtmYz5cZmC5FX4VQw=",
        "owner": "blader",
        "repo": "humanizer",
        "rev": "8b3a17889fbf12bedae20974a3c9f9de746ed754",
        "type": "github"
      },
      "original": {
        "owner": "blader",
        "repo": "humanizer",
        "type": "github"
      }
    },
    "nix-gstack": {
      "inputs": {
        "agent-skill-flake": [
          "agent-skill-flake"
        ],
        "devshell": [
          "devshell"
        ],
        "flake-parts": [
          "flake-parts"
        ],
        "nixpkgs": [
          "nixpkgs"
        ],
        "systems": [
          "systems"
        ],
        "treefmt-nix": [
          "treefmt-nix"
        ]
      },
      "locked": {
        "lastModified": 1780693186,
        "narHash": "sha256-BcEK9uzC3Uocs/hq8IKep/UlkPuzIXOnhRTw3aIbu5k=",
        "owner": "nhooey",
        "repo": "nix-gstack",
        "rev": "c8a953d9b87792d14c4e07c4f7c00c90ae16e7eb",
        "type": "github"
      },
      "original": {
        "owner": "nhooey",
        "repo": "nix-gstack",
        "type": "github"
      }
    },
    "nix-microsoft-skills": {
      "inputs": {
        "agent-skill-flake": [
          "agent-skill-flake"
        ],
        "devshell": [
          "devshell"
        ],
        "flake-parts": [
          "flake-parts"
        ],
        "nixpkgs": [
          "nixpkgs"
        ],
        "systems": [
          "systems"
        ],
        "treefmt-nix": [
          "treefmt-nix"
        ]
      },
      "locked": {
        "lastModified": 1780699787,
        "narHash": "sha256-juOGFt4OeJpNKuOOUvngm9HyrnFLnmZqpMzDY/sE//c=",
        "owner": "nhooey",
        "repo": "nix-microsoft-skills",
        "rev": "81217635d96a45c68f255e2aaa893a390ebaaf04",
        "type": "github"
      },
      "original": {
        "owner": "nhooey",
        "repo": "nix-microsoft-skills",
        "type": "github"
      }
    },
    "nix-skills": {
      "inputs": {
        "agent-skill-flake": [
          "agent-skill-flake"
        ],
        "devshell": [
          "devshell"
        ],
        "flake-parts": [
          "flake-parts"
        ],
        "nixpkgs": [
          "nixpkgs"
        ],
        "systems": [
          "systems"
        ],
        "treefmt-nix": [
          "treefmt-nix"
        ]
      },
      "locked": {
        "lastModified": 1780698654,
        "narHash": "sha256-fyipCqBfKd/dycz4+zozhbte35SLI96VO1+AOwXUs+8=",
        "owner": "nhooey",
        "repo": "nix-skills",
        "rev": "a6e96498dfe1a683fc144cc8ae317956e361ed00",
        "type": "github"
      },
      "original": {
        "owner": "nhooey",
        "repo": "nix-skills",
        "type": "github"
      }
    },
    "nixpkgs": {
      "locked": {
        "lastModified": 1778869304,
        "narHash": "sha256-30sZNZoA1cqF5JNO9fVX+wgiQYjB7HJqqJ4ztCDeBZE=",
        "owner": "NixOS",
        "repo": "nixpkgs",
        "rev": "d233902339c02a9c334e7e593de68855ad26c4cb",
        "type": "github"
      },
      "original": {
        "owner": "NixOS",
        "ref": "nixos-unstable",
        "repo": "nixpkgs",
        "type": "github"
      }
    },
    "root": {
      "inputs": {
        "agent-skill-flake": "agent-skill-flake",
        "anthropics-skills-src": "anthropics-skills-src",
        "coding-agent-skills": "coding-agent-skills",
        "daymade-skills-src": "daymade-skills-src",
        "devshell": "devshell_2",
        "flake-parts": "flake-parts_2",
        "git-skills": "git-skills",
        "humanizer-src": "humanizer-src",
        "nix-gstack": "nix-gstack",
        "nix-microsoft-skills": "nix-microsoft-skills",
        "nix-skills": "nix-skills",
        "nixpkgs": "nixpkgs",
        "superpowers-src": "superpowers-src",
        "systems": "systems_2",
        "treefmt-nix": "treefmt-nix_2"
      }
    },
    "superpowers-src": {
      "flake": false,
      "locked": {
        "lastModified": 1780085125,
        "narHash": "sha256-P/FD8HTQO+QzvMe3A/B2v2vjs8T6ZmIYH3MPp79dSzo=",
        "owner": "obra",
        "repo": "superpowers",
        "rev": "6fd4507659784c351abbd2bc264c7162cfd386dc",
        "type": "github"
      },
      "original": {
        "owner": "obra",
        "repo": "superpowers",
        "type": "github"
      }
    },
    "systems": {
      "locked": {
        "lastModified": 1681028828,
        "narHash": "sha256-Vy1rq5AaRuLzOxct8nz4T6wlgyUR7zLU309k9mBC768=",
        "owner": "nix-systems",
        "repo": "default",
        "rev": "da67096a3b9bf56a91d16901293e51ba5b49a27e",
        "type": "github"
      },
      "original": {
        "owner": "nix-systems",
        "repo": "default",
        "type": "github"
      }
    },
    "systems_2": {
      "locked": {
        "lastModified": 1681028828,
        "narHash": "sha256-Vy1rq5AaRuLzOxct8nz4T6wlgyUR7zLU309k9mBC768=",
        "owner": "nix-systems",
        "repo": "default",
        "rev": "da67096a3b9bf56a91d16901293e51ba5b49a27e",
        "type": "github"
      },
      "original": {
        "owner": "nix-systems",
        "repo": "default",
        "type": "github"
      }
    },
    "treefmt-nix": {
      "inputs": {
        "nixpkgs": [
          "agent-skill-flake",
          "nixpkgs"
        ]
      },
      "locked": {
        "lastModified": 1780220602,
        "narHash": "sha256-eynAfOmbmxJnkp7YewvCEbShNnnYJ9gLLqkzsYtBPeM=",
        "owner": "numtide",
        "repo": "treefmt-nix",
        "rev": "db947814a175b7ca6ded66e21383d938df01c227",
        "type": "github"
      },
      "original": {
        "owner": "numtide",
        "repo": "treefmt-nix",
        "type": "github"
      }
    },
    "treefmt-nix_2": {
      "inputs": {
        "nixpkgs": [
          "nixpkgs"
        ]
      },
      "locked": {
        "lastModified": 1780220602,
        "narHash": "sha256-eynAfOmbmxJnkp7YewvCEbShNnnYJ9gLLqkzsYtBPeM=",
        "owner": "numtide",
        "repo": "treefmt-nix",
        "rev": "db947814a175b7ca6ded66e21383d938df01c227",
        "type": "github"
      },
      "original": {
        "owner": "numtide",
        "repo": "treefmt-nix",
        "type": "github"
      }
    }
  },
  "root": "root",
  "version": 7
}
