{
  "nodes": {
    "agent-skill-flake": {
      "inputs": {
        "devshell": "devshell",
        "flake-parts": "flake-parts",
        "nixpkgs": [
          "nixpkgs"
        ],
        "systems": "systems",
        "treefmt-nix": "treefmt-nix"
      },
      "locked": {
        "lastModified": 1780702215,
        "narHash": "sha256-iWITVu86QtmiFwlpxfKmrxaWayWGBAaeOdYOvOXdzQY=",
        "owner": "nhooey",
        "repo": "agent-skill-flake",
        "rev": "e603a9deb58941a821c6b3f613e9d28d40d97126",
        "type": "github"
      },
      "original": {
        "owner": "nhooey",
        "repo": "agent-skill-flake",
        "type": "github"
      }
    },
    "anthropics-skills-src": {
      "flake": false,
      "locked": {
        "lastModified": 1780020146,
        "narHash": "sha256-BiZvEV7VK1AwhiGg+pNMgTUQmt4exevLWwL0Brx4YyE=",
        "owner": "anthropics",
        "repo": "skills",
        "rev": "da20c92503b2e8ff1cf28ca81a0df4673debdbf7",
        "type": "github"
      },
      "original": {
        "owner": "anthropics",
        "repo": "skills",
        "type": "github"
      }
    },
    "caveman-src": {
      "flake": false,
      "locked": {
        "lastModified": 1779273824,
        "narHash": "sha256-BydREt/vai3j7kO5+e1OxsjXf6Vy+jSY1yA/yyxjHbI=",
        "owner": "JuliusBrussee",
        "repo": "caveman",
        "rev": "655b7d9c5431f822264b7732e9901c5578ac84cf",
        "type": "github"
      },
      "original": {
        "owner": "JuliusBrussee",
        "repo": "caveman",
        "type": "github"
      }
    },
    "daymade-skills-src": {
      "flake": false,
      "locked": {
        "lastModified": 1780590738,
        "narHash": "sha256-GjA9H2Eu4bxd6u6zHy/e7V8J8DSkA0D+3zrD9ORz6Yg=",
        "owner": "daymade",
        "repo": "claude-code-skills",
        "rev": "96b14eb2cea2ea4f6a15e3e8182c89879e0137fc",
        "type": "github"
      },
      "original": {
        "owner": "daymade",
        "repo": "claude-code-skills",
        "type": "github"
      }
    },
    "devshell": {
      "inputs": {
        "nixpkgs": [
          "agent-skill-flake",
          "nixpkgs"
        ]
      },
      "locked": {
        "lastModified": 1768818222,
        "narHash": "sha256-460jc0+CZfyaO8+w8JNtlClB2n4ui1RbHfPTLkpwhU8=",
        "owner": "numtide",
        "repo": "devshell",
        "rev": "255a2b1725a20d060f566e4755dbf571bbbb5f76",
        "type": "github"
      },
      "original": {
        "owner": "numtide",
        "repo": "devshell",
        "type": "github"
      }
    },
    "flake-parts": {
      "inputs": {
        "nixpkgs-lib": [
          "agent-skill-flake",
          "nixpkgs"
        ]
      },
      "locked": {
        "lastModified": 1778716662,
        "narHash": "sha256-m1Yf0wZ8j1OHjTc2UwHwyQRSnNeSgLJOd7q5Y45hzi4=",
        "owner": "hercules-ci",
        "repo": "flake-parts",
        "rev": "f7c1a2d347e4c52d5fb8d10cb4d94b5884e546fb",
        "type": "github"
      },
      "original": {
        "owner": "hercules-ci",
        "repo": "flake-parts",
        "type": "github"
      }
    },
    "humanizer-src": {
      "flake": false,
      "locked": {
        "lastModified": 1779850524,
        "narHash": "sha256-Cnqkti8Socpvs1bW+Fp0Ld+kePjaJyDhTwFe+aklWwg=",
        "owner": "blader",
        "repo": "humanizer",
        "rev": "a2ace14a88a6746f64f1f53ed8272d6788828038",
        "type": "github"
      },
      "original": {
        "owner": "blader",
        "repo": "humanizer",
        "type": "github"
      }
    },
    "nixpkgs": {
      "locked": {
        "lastModified": 1780243769,
        "narHash": "sha256-x5UQuRsH3MqI0U9afaXSNqzTPSeZlRLvFAav2Ux1pNw=",
        "owner": "NixOS",
        "repo": "nixpkgs",
        "rev": "331800de5053fcebacf6813adb5db9c9dca22a0c",
        "type": "github"
      },
      "original": {
        "owner": "NixOS",
        "ref": "nixos-unstable",
        "repo": "nixpkgs",
        "type": "github"
      }
    },
    "opinionated-claude-skills-src": {
      "flake": false,
      "locked": {
        "lastModified": 1780250978,
        "narHash": "sha256-HitV0d28BvSVBILOrjVOq4/Di6aoQQUCL97XtkMOSQ4=",
        "owner": "Pyroxin",
        "repo": "opinionated-claude-skills",
        "rev": "63f413878073783fce9dba554e20920d9eab294e",
        "type": "github"
      },
      "original": {
        "owner": "Pyroxin",
        "repo": "opinionated-claude-skills",
        "type": "github"
      }
    },
    "root": {
      "inputs": {
        "agent-skill-flake": "agent-skill-flake",
        "anthropics-skills-src": "anthropics-skills-src",
        "caveman-src": "caveman-src",
        "daymade-skills-src": "daymade-skills-src",
        "humanizer-src": "humanizer-src",
        "nixpkgs": "nixpkgs",
        "opinionated-claude-skills-src": "opinionated-claude-skills-src",
        "superpowers-src": "superpowers-src",
        "systems": "systems_2",
        "trailofbits-skills-src": "trailofbits-skills-src"
      }
    },
    "superpowers-src": {
      "flake": false,
      "locked": {
        "lastModified": 1780085125,
        "narHash": "sha256-P/FD8HTQO+QzvMe3A/B2v2vjs8T6ZmIYH3MPp79dSzo=",
        "owner": "obra",
        "repo": "superpowers",
        "rev": "6fd4507659784c351abbd2bc264c7162cfd386dc",
        "type": "github"
      },
      "original": {
        "owner": "obra",
        "repo": "superpowers",
        "type": "github"
      }
    },
    "systems": {
      "locked": {
        "lastModified": 1681028828,
        "narHash": "sha256-Vy1rq5AaRuLzOxct8nz4T6wlgyUR7zLU309k9mBC768=",
        "owner": "nix-systems",
        "repo": "default",
        "rev": "da67096a3b9bf56a91d16901293e51ba5b49a27e",
        "type": "github"
      },
      "original": {
        "owner": "nix-systems",
        "repo": "default",
        "type": "github"
      }
    },
    "systems_2": {
      "locked": {
        "lastModified": 1681028828,
        "narHash": "sha256-Vy1rq5AaRuLzOxct8nz4T6wlgyUR7zLU309k9mBC768=",
        "owner": "nix-systems",
        "repo": "default",
        "rev": "da67096a3b9bf56a91d16901293e51ba5b49a27e",
        "type": "github"
      },
      "original": {
        "owner": "nix-systems",
        "repo": "default",
        "type": "github"
      }
    },
    "trailofbits-skills-src": {
      "flake": false,
      "locked": {
        "lastModified": 1780676921,
        "narHash": "sha256-VCIy7AaKLHD4paZUDpuAKkchRbGyaw3KY/khS55ypw0=",
        "owner": "trailofbits",
        "repo": "skills",
        "rev": "d5fe2e6a7896236c3102fd5477e833623ad70298",
        "type": "github"
      },
      "original": {
        "owner": "trailofbits",
        "repo": "skills",
        "type": "github"
      }
    },
    "treefmt-nix": {
      "inputs": {
        "nixpkgs": [
          "agent-skill-flake",
          "nixpkgs"
        ]
      },
      "locked": {
        "lastModified": 1780220602,
        "narHash": "sha256-eynAfOmbmxJnkp7YewvCEbShNnnYJ9gLLqkzsYtBPeM=",
        "owner": "numtide",
        "repo": "treefmt-nix",
        "rev": "db947814a175b7ca6ded66e21383d938df01c227",
        "type": "github"
      },
      "original": {
        "owner": "numtide",
        "repo": "treefmt-nix",
        "type": "github"
      }
    }
  },
  "root": "root",
  "version": 7
}
