{
  "nodes": {
    "anthropics-skills-src": {
      "flake": false,
      "locked": {
        "lastModified": 1780020146,
        "narHash": "sha256-BiZvEV7VK1AwhiGg+pNMgTUQmt4exevLWwL0Brx4YyE=",
        "owner": "anthropics",
        "repo": "skills",
        "rev": "da20c92503b2e8ff1cf28ca81a0df4673debdbf7",
        "type": "github"
      },
      "original": {
        "owner": "anthropics",
        "repo": "skills",
        "type": "github"
      }
    },
    "devshell": {
      "inputs": {
        "nixpkgs": [
          "flake-skills",
          "nixpkgs"
        ]
      },
      "locked": {
        "lastModified": 1768818222,
        "narHash": "sha256-460jc0+CZfyaO8+w8JNtlClB2n4ui1RbHfPTLkpwhU8=",
        "owner": "numtide",
        "repo": "devshell",
        "rev": "255a2b1725a20d060f566e4755dbf571bbbb5f76",
        "type": "github"
      },
      "original": {
        "owner": "numtide",
        "repo": "devshell",
        "type": "github"
      }
    },
    "flake-parts": {
      "inputs": {
        "nixpkgs-lib": [
          "flake-skills",
          "nixpkgs"
        ]
      },
      "locked": {
        "lastModified": 1778716662,
        "narHash": "sha256-m1Yf0wZ8j1OHjTc2UwHwyQRSnNeSgLJOd7q5Y45hzi4=",
        "owner": "hercules-ci",
        "repo": "flake-parts",
        "rev": "f7c1a2d347e4c52d5fb8d10cb4d94b5884e546fb",
        "type": "github"
      },
      "original": {
        "owner": "hercules-ci",
        "repo": "flake-parts",
        "type": "github"
      }
    },
    "flake-skills": {
      "inputs": {
        "devshell": "devshell",
        "flake-parts": "flake-parts",
        "nixpkgs": [
          "nixpkgs"
        ],
        "systems": "systems",
        "treefmt-nix": "treefmt-nix"
      },
      "locked": {
        "lastModified": 1780330228,
        "narHash": "sha256-ro9DNyVV4MctBkYLFNC2mNijP8oi3GtNGWr/M3rk7nc=",
        "owner": "nhooey",
        "repo": "flake-skills",
        "rev": "5560e7c83a5616b85d72631f8f3169230f92cb70",
        "type": "github"
      },
      "original": {
        "owner": "nhooey",
        "repo": "flake-skills",
        "type": "github"
      }
    },
    "humanizer-src": {
      "flake": false,
      "locked": {
        "lastModified": 1779850524,
        "narHash": "sha256-Cnqkti8Socpvs1bW+Fp0Ld+kePjaJyDhTwFe+aklWwg=",
        "owner": "blader",
        "repo": "humanizer",
        "rev": "a2ace14a88a6746f64f1f53ed8272d6788828038",
        "type": "github"
      },
      "original": {
        "owner": "blader",
        "repo": "humanizer",
        "type": "github"
      }
    },
    "nixpkgs": {
      "locked": {
        "lastModified": 1780243769,
        "narHash": "sha256-x5UQuRsH3MqI0U9afaXSNqzTPSeZlRLvFAav2Ux1pNw=",
        "owner": "NixOS",
        "repo": "nixpkgs",
        "rev": "331800de5053fcebacf6813adb5db9c9dca22a0c",
        "type": "github"
      },
      "original": {
        "owner": "NixOS",
        "ref": "nixos-unstable",
        "repo": "nixpkgs",
        "type": "github"
      }
    },
    "root": {
      "inputs": {
        "anthropics-skills-src": "anthropics-skills-src",
        "flake-skills": "flake-skills",
        "humanizer-src": "humanizer-src",
        "nixpkgs": "nixpkgs",
        "superpowers-src": "superpowers-src",
        "systems": "systems_2"
      }
    },
    "superpowers-src": {
      "flake": false,
      "locked": {
        "lastModified": 1780085125,
        "narHash": "sha256-P/FD8HTQO+QzvMe3A/B2v2vjs8T6ZmIYH3MPp79dSzo=",
        "owner": "obra",
        "repo": "superpowers",
        "rev": "6fd4507659784c351abbd2bc264c7162cfd386dc",
        "type": "github"
      },
      "original": {
        "owner": "obra",
        "repo": "superpowers",
        "type": "github"
      }
    },
    "systems": {
      "locked": {
        "lastModified": 1681028828,
        "narHash": "sha256-Vy1rq5AaRuLzOxct8nz4T6wlgyUR7zLU309k9mBC768=",
        "owner": "nix-systems",
        "repo": "default",
        "rev": "da67096a3b9bf56a91d16901293e51ba5b49a27e",
        "type": "github"
      },
      "original": {
        "owner": "nix-systems",
        "repo": "default",
        "type": "github"
      }
    },
    "systems_2": {
      "locked": {
        "lastModified": 1681028828,
        "narHash": "sha256-Vy1rq5AaRuLzOxct8nz4T6wlgyUR7zLU309k9mBC768=",
        "owner": "nix-systems",
        "repo": "default",
        "rev": "da67096a3b9bf56a91d16901293e51ba5b49a27e",
        "type": "github"
      },
      "original": {
        "owner": "nix-systems",
        "repo": "default",
        "type": "github"
      }
    },
    "treefmt-nix": {
      "inputs": {
        "nixpkgs": [
          "flake-skills",
          "nixpkgs"
        ]
      },
      "locked": {
        "lastModified": 1780220602,
        "narHash": "sha256-eynAfOmbmxJnkp7YewvCEbShNnnYJ9gLLqkzsYtBPeM=",
        "owner": "numtide",
        "repo": "treefmt-nix",
        "rev": "db947814a175b7ca6ded66e21383d938df01c227",
        "type": "github"
      },
      "original": {
        "owner": "numtide",
        "repo": "treefmt-nix",
        "type": "github"
      }
    }
  },
  "root": "root",
  "version": 7
}
