{
  "nodes": {
    "anthropics-skills-src": {
      "flake": false,
      "locked": {
        "lastModified": 1776964038,
        "narHash": "sha256-xFsg66TCtKzSgRIW6Ab771FWEIhei3jPgfE4byMiB44=",
        "owner": "anthropics",
        "repo": "skills",
        "rev": "5128e1865d670f5d6c9cef000e6dfc4e951fb5b9",
        "type": "github"
      },
      "original": {
        "owner": "anthropics",
        "repo": "skills",
        "rev": "5128e1865d670f5d6c9cef000e6dfc4e951fb5b9",
        "type": "github"
      }
    },
    "flake-skills": {
      "inputs": {
        "nixpkgs": [
          "nixpkgs"
        ]
      },
      "locked": {
        "lastModified": 1778358891,
        "narHash": "sha256-vaWCiC0zPmXJAlFnIm2qM+nFJX6NcuHm3oKDacsdvG4=",
        "owner": "nhooey",
        "repo": "flake-skills",
        "rev": "91d77fac7c18b5615bd24b67e921956d9b60475c",
        "type": "github"
      },
      "original": {
        "owner": "nhooey",
        "repo": "flake-skills",
        "type": "github"
      }
    },
    "nixpkgs": {
      "locked": {
        "lastModified": 1777954456,
        "narHash": "sha256-hGdgeU2Nk87RAuZyYjyDjFL6LK7dAZN5RE9+hrDTkDU=",
        "owner": "NixOS",
        "repo": "nixpkgs",
        "rev": "549bd84d6279f9852cae6225e372cc67fb91a4c1",
        "type": "github"
      },
      "original": {
        "owner": "NixOS",
        "ref": "nixos-unstable",
        "repo": "nixpkgs",
        "type": "github"
      }
    },
    "root": {
      "inputs": {
        "anthropics-skills-src": "anthropics-skills-src",
        "flake-skills": "flake-skills",
        "nixpkgs": "nixpkgs"
      }
    }
  },
  "root": "root",
  "version": 7
}
