{
  "nodes": {
    "agent-skill-flake": {
      "inputs": {
        "devshell": "devshell",
        "flake-parts": "flake-parts",
        "nixpkgs": [
          "nixpkgs"
        ],
        "systems": "systems",
        "treefmt-nix": "treefmt-nix"
      },
      "locked": {
        "lastModified": 1780775109,
        "narHash": "sha256-IZcERqtjr7+wi+VbcKyCkW6a8V+Kn96EQmsmShZPyTI=",
        "owner": "nhooey",
        "repo": "agent-skill-flake",
        "rev": "ad0f758c9473659d249f6994a7b185afda336c47",
        "type": "github"
      },
      "original": {
        "owner": "nhooey",
        "repo": "agent-skill-flake",
        "type": "github"
      }
    },
    "anthropics-skills-src": {
      "flake": false,
      "locked": {
        "lastModified": 1779199866,
        "narHash": "sha256-GMXFJSePrpEvhzMQ82YI9Z10BDkuFK/lXUDELclvQ4c=",
        "owner": "anthropics",
        "repo": "skills",
        "rev": "690f15cac7f7b4c055c5ab109c79ed9259934081",
        "type": "github"
      },
      "original": {
        "owner": "anthropics",
        "repo": "skills",
        "type": "github"
      }
    },
    "daymade": {
      "inputs": {
        "agent-skill-flake": [
          "agent-skill-flake"
        ],
        "daymade-skills-src": "daymade-skills-src",
        "nixpkgs": [
          "nixpkgs"
        ]
      },
      "locked": {
        "dir": "pkgs/daymade",
        "lastModified": 1780788833,
        "narHash": "sha256-2XeeWw+ClR2ONMsv1iUceBObyly8oterWViDF/Vv3aw=",
        "owner": "nhooey",
        "repo": "skillspkgs",
        "rev": "f25b986a8e89ffe4598b8e4a1440926708b60c40",
        "type": "github"
      },
      "original": {
        "dir": "pkgs/daymade",
        "owner": "nhooey",
        "repo": "skillspkgs",
        "type": "github"
      }
    },
    "daymade-skills-src": {
      "flake": false,
      "locked": {
        "lastModified": 1780231637,
        "narHash": "sha256-aK4v1uJnYPh/QU4dSyku7nVNkWWwpQJ6q7cWhuzyq8M=",
        "owner": "daymade",
        "repo": "claude-code-skills",
        "rev": "c09bac375fcd116469a218ecdea50a43a97657a9",
        "type": "github"
      },
      "original": {
        "owner": "daymade",
        "repo": "claude-code-skills",
        "type": "github"
      }
    },
    "devshell": {
      "inputs": {
        "nixpkgs": [
          "agent-skill-flake",
          "nixpkgs"
        ]
      },
      "locked": {
        "lastModified": 1768818222,
        "narHash": "sha256-460jc0+CZfyaO8+w8JNtlClB2n4ui1RbHfPTLkpwhU8=",
        "owner": "numtide",
        "repo": "devshell",
        "rev": "255a2b1725a20d060f566e4755dbf571bbbb5f76",
        "type": "github"
      },
      "original": {
        "owner": "numtide",
        "repo": "devshell",
        "type": "github"
      }
    },
    "flake-parts": {
      "inputs": {
        "nixpkgs-lib": [
          "agent-skill-flake",
          "nixpkgs"
        ]
      },
      "locked": {
        "lastModified": 1778716662,
        "narHash": "sha256-m1Yf0wZ8j1OHjTc2UwHwyQRSnNeSgLJOd7q5Y45hzi4=",
        "owner": "hercules-ci",
        "repo": "flake-parts",
        "rev": "f7c1a2d347e4c52d5fb8d10cb4d94b5884e546fb",
        "type": "github"
      },
      "original": {
        "owner": "hercules-ci",
        "repo": "flake-parts",
        "type": "github"
      }
    },
    "flake-parts_2": {
      "inputs": {
        "nixpkgs-lib": [
          "git-skills",
          "nixpkgs"
        ]
      },
      "locked": {
        "lastModified": 1778716662,
        "narHash": "sha256-m1Yf0wZ8j1OHjTc2UwHwyQRSnNeSgLJOd7q5Y45hzi4=",
        "owner": "hercules-ci",
        "repo": "flake-parts",
        "rev": "f7c1a2d347e4c52d5fb8d10cb4d94b5884e546fb",
        "type": "github"
      },
      "original": {
        "owner": "hercules-ci",
        "repo": "flake-parts",
        "type": "github"
      }
    },
    "flake-parts_3": {
      "inputs": {
        "nixpkgs-lib": [
          "nix-skills",
          "nixpkgs"
        ]
      },
      "locked": {
        "lastModified": 1778716662,
        "narHash": "sha256-m1Yf0wZ8j1OHjTc2UwHwyQRSnNeSgLJOd7q5Y45hzi4=",
        "owner": "hercules-ci",
        "repo": "flake-parts",
        "rev": "f7c1a2d347e4c52d5fb8d10cb4d94b5884e546fb",
        "type": "github"
      },
      "original": {
        "owner": "hercules-ci",
        "repo": "flake-parts",
        "type": "github"
      }
    },
    "git-skills": {
      "inputs": {
        "agent-skill-flake": [
          "agent-skill-flake"
        ],
        "flake-parts": "flake-parts_2",
        "nixpkgs": [
          "nixpkgs"
        ],
        "systems": "systems_2",
        "treefmt-nix": "treefmt-nix_2"
      },
      "locked": {
        "lastModified": 1780775118,
        "narHash": "sha256-Vs1Z1Ttut981ZBguZcCkYn0WiOCrZLj7TCIQNTAkA28=",
        "owner": "nhooey",
        "repo": "git-skills",
        "rev": "7ee92d9167c539f2761cb4de0301732e9b440970",
        "type": "github"
      },
      "original": {
        "owner": "nhooey",
        "repo": "git-skills",
        "type": "github"
      }
    },
    "humanizer": {
      "inputs": {
        "agent-skill-flake": [
          "agent-skill-flake"
        ],
        "humanizer-src": "humanizer-src",
        "nixpkgs": [
          "nixpkgs"
        ]
      },
      "locked": {
        "dir": "pkgs/humanizer",
        "lastModified": 1780788833,
        "narHash": "sha256-2XeeWw+ClR2ONMsv1iUceBObyly8oterWViDF/Vv3aw=",
        "owner": "nhooey",
        "repo": "skillspkgs",
        "rev": "f25b986a8e89ffe4598b8e4a1440926708b60c40",
        "type": "github"
      },
      "original": {
        "dir": "pkgs/humanizer",
        "owner": "nhooey",
        "repo": "skillspkgs",
        "type": "github"
      }
    },
    "humanizer-src": {
      "flake": false,
      "locked": {
        "lastModified": 1775020197,
        "narHash": "sha256-3yO13MKUK/zF36Sq+CACMM401BhtmYz5cZmC5FX4VQw=",
        "owner": "blader",
        "repo": "humanizer",
        "rev": "8b3a17889fbf12bedae20974a3c9f9de746ed754",
        "type": "github"
      },
      "original": {
        "owner": "blader",
        "repo": "humanizer",
        "type": "github"
      }
    },
    "nix-skills": {
      "inputs": {
        "agent-skill-flake": [
          "agent-skill-flake"
        ],
        "flake-parts": "flake-parts_3",
        "nixpkgs": [
          "nixpkgs"
        ],
        "systems": "systems_3",
        "treefmt-nix": "treefmt-nix_3"
      },
      "locked": {
        "lastModified": 1780775242,
        "narHash": "sha256-PCVrb6OPr2/wELZWW7Vo2hs85wsvVzTNqdUmUWClBMA=",
        "owner": "nhooey",
        "repo": "nix-skills",
        "rev": "292360c7466d1b2c1c334ef3006803066624174e",
        "type": "github"
      },
      "original": {
        "owner": "nhooey",
        "repo": "nix-skills",
        "type": "github"
      }
    },
    "nixpkgs": {
      "locked": {
        "lastModified": 1780243769,
        "narHash": "sha256-x5UQuRsH3MqI0U9afaXSNqzTPSeZlRLvFAav2Ux1pNw=",
        "owner": "NixOS",
        "repo": "nixpkgs",
        "rev": "331800de5053fcebacf6813adb5db9c9dca22a0c",
        "type": "github"
      },
      "original": {
        "owner": "NixOS",
        "ref": "nixos-unstable",
        "repo": "nixpkgs",
        "type": "github"
      }
    },
    "root": {
      "inputs": {
        "agent-skill-flake": "agent-skill-flake",
        "daymade": "daymade",
        "git-skills": "git-skills",
        "humanizer": "humanizer",
        "nix-skills": "nix-skills",
        "nixpkgs": "nixpkgs",
        "skill-creator": "skill-creator",
        "superpowers": "superpowers",
        "systems": "systems_4"
      }
    },
    "skill-creator": {
      "inputs": {
        "agent-skill-flake": [
          "agent-skill-flake"
        ],
        "anthropics-skills-src": "anthropics-skills-src",
        "nixpkgs": [
          "nixpkgs"
        ]
      },
      "locked": {
        "dir": "pkgs/skill-creator",
        "lastModified": 1780788833,
        "narHash": "sha256-2XeeWw+ClR2ONMsv1iUceBObyly8oterWViDF/Vv3aw=",
        "owner": "nhooey",
        "repo": "skillspkgs",
        "rev": "f25b986a8e89ffe4598b8e4a1440926708b60c40",
        "type": "github"
      },
      "original": {
        "dir": "pkgs/skill-creator",
        "owner": "nhooey",
        "repo": "skillspkgs",
        "type": "github"
      }
    },
    "superpowers": {
      "inputs": {
        "agent-skill-flake": [
          "agent-skill-flake"
        ],
        "nixpkgs": [
          "nixpkgs"
        ],
        "superpowers-src": "superpowers-src"
      },
      "locked": {
        "dir": "pkgs/superpowers",
        "lastModified": 1780788833,
        "narHash": "sha256-2XeeWw+ClR2ONMsv1iUceBObyly8oterWViDF/Vv3aw=",
        "owner": "nhooey",
        "repo": "skillspkgs",
        "rev": "f25b986a8e89ffe4598b8e4a1440926708b60c40",
        "type": "github"
      },
      "original": {
        "dir": "pkgs/superpowers",
        "owner": "nhooey",
        "repo": "skillspkgs",
        "type": "github"
      }
    },
    "superpowers-src": {
      "flake": false,
      "locked": {
        "lastModified": 1777932301,
        "narHash": "sha256-3E3rO6hR87JUfS3XV1Eaoz6SDWOftleWvN9UPNFEMjw=",
        "owner": "obra",
        "repo": "superpowers",
        "rev": "f2cbfbefebbfef77321e4c9abc9e949826bea9d7",
        "type": "github"
      },
      "original": {
        "owner": "obra",
        "repo": "superpowers",
        "type": "github"
      }
    },
    "systems": {
      "locked": {
        "lastModified": 1681028828,
        "narHash": "sha256-Vy1rq5AaRuLzOxct8nz4T6wlgyUR7zLU309k9mBC768=",
        "owner": "nix-systems",
        "repo": "default",
        "rev": "da67096a3b9bf56a91d16901293e51ba5b49a27e",
        "type": "github"
      },
      "original": {
        "owner": "nix-systems",
        "repo": "default",
        "type": "github"
      }
    },
    "systems_2": {
      "locked": {
        "lastModified": 1681028828,
        "narHash": "sha256-Vy1rq5AaRuLzOxct8nz4T6wlgyUR7zLU309k9mBC768=",
        "owner": "nix-systems",
        "repo": "default",
        "rev": "da67096a3b9bf56a91d16901293e51ba5b49a27e",
        "type": "github"
      },
      "original": {
        "owner": "nix-systems",
        "repo": "default",
        "type": "github"
      }
    },
    "systems_3": {
      "locked": {
        "lastModified": 1681028828,
        "narHash": "sha256-Vy1rq5AaRuLzOxct8nz4T6wlgyUR7zLU309k9mBC768=",
        "owner": "nix-systems",
        "repo": "default",
        "rev": "da67096a3b9bf56a91d16901293e51ba5b49a27e",
        "type": "github"
      },
      "original": {
        "owner": "nix-systems",
        "repo": "default",
        "type": "github"
      }
    },
    "systems_4": {
      "locked": {
        "lastModified": 1681028828,
        "narHash": "sha256-Vy1rq5AaRuLzOxct8nz4T6wlgyUR7zLU309k9mBC768=",
        "owner": "nix-systems",
        "repo": "default",
        "rev": "da67096a3b9bf56a91d16901293e51ba5b49a27e",
        "type": "github"
      },
      "original": {
        "owner": "nix-systems",
        "repo": "default",
        "type": "github"
      }
    },
    "treefmt-nix": {
      "inputs": {
        "nixpkgs": [
          "agent-skill-flake",
          "nixpkgs"
        ]
      },
      "locked": {
        "lastModified": 1780220602,
        "narHash": "sha256-eynAfOmbmxJnkp7YewvCEbShNnnYJ9gLLqkzsYtBPeM=",
        "owner": "numtide",
        "repo": "treefmt-nix",
        "rev": "db947814a175b7ca6ded66e21383d938df01c227",
        "type": "github"
      },
      "original": {
        "owner": "numtide",
        "repo": "treefmt-nix",
        "type": "github"
      }
    },
    "treefmt-nix_2": {
      "inputs": {
        "nixpkgs": [
          "git-skills",
          "nixpkgs"
        ]
      },
      "locked": {
        "lastModified": 1780220602,
        "narHash": "sha256-eynAfOmbmxJnkp7YewvCEbShNnnYJ9gLLqkzsYtBPeM=",
        "owner": "numtide",
        "repo": "treefmt-nix",
        "rev": "db947814a175b7ca6ded66e21383d938df01c227",
        "type": "github"
      },
      "original": {
        "owner": "numtide",
        "repo": "treefmt-nix",
        "type": "github"
      }
    },
    "treefmt-nix_3": {
      "inputs": {
        "nixpkgs": [
          "nix-skills",
          "nixpkgs"
        ]
      },
      "locked": {
        "lastModified": 1780220602,
        "narHash": "sha256-eynAfOmbmxJnkp7YewvCEbShNnnYJ9gLLqkzsYtBPeM=",
        "owner": "numtide",
        "repo": "treefmt-nix",
        "rev": "db947814a175b7ca6ded66e21383d938df01c227",
        "type": "github"
      },
      "original": {
        "owner": "numtide",
        "repo": "treefmt-nix",
        "type": "github"
      }
    }
  },
  "root": "root",
  "version": 7
}
